
Microsoft Visual Studio Solution File, Format Version 12.00
# Visual Studio Version 16
VisualStudioVersion = 16.0.32510.428
MinimumVisualStudioVersion = 10.0.40219.1
Project("{FAE04EC0-301F-11D3-BF4B-00C04F79EFBC}") = "IDGS903_Espinosa_Jesus_Examen1P", "IDGS903_Espinosa_Jesus_Examen1P.csproj", "{DB6DA84F-CAFF-4075-B2A2-01330920782D}"
EndProject
Global
	GlobalSection(SolutionConfigurationPlatforms) = preSolution
		Debug|Any CPU = Debug|Any CPU
		Release|Any CPU = Release|Any CPU
	EndGlobalSection
	GlobalSection(ProjectConfigurationPlatforms) = postSolution
		{DB6DA84F-CAFF-4075-B2A2-01330920782D}.Debug|Any CPU.ActiveCfg = Debug|Any CPU
		{DB6DA84F-CAFF-4075-B2A2-01330920782D}.Debug|Any CPU.Build.0 = Debug|Any CPU
		{DB6DA84F-CAFF-4075-B2A2-01330920782D}.Release|Any CPU.ActiveCfg = Release|Any CPU
		{DB6DA84F-CAFF-4075-B2A2-01330920782D}.Release|Any CPU.Build.0 = Release|Any CPU
	EndGlobalSection
	GlobalSection(SolutionProperties) = preSolution
		HideSolutionNode = FALSE
	EndGlobalSection
	GlobalSection(ExtensibilityGlobals) = postSolution
		SolutionGuid = {706ED783-93BE-48EA-9F82-74DA03612B36}
	EndGlobalSection
EndGlobal
